// !$*UTF8*$!
{
	archiveVersion = 1;
	classes = {
	};
	objectVersion = 56;
	objects = {

/* Begin PBXBuildFile section */
		F41F08F12C8E3771004765A5 /* LoginViewController.swift in Sources */ = {isa = PBXBuildFile; fileRef = F41F08F02C8E3771004765A5 /* LoginViewController.swift */; };
		F41F08F32C8E3781004765A5 /* RegisterViewController.swift in Sources */ = {isa = PBXBuildFile; fileRef = F41F08F22C8E3781004765A5 /* RegisterViewController.swift */; };
		F41F08F52C8E37A5004765A5 /* PhotoViewerViewController.swift in Sources */ = {isa = PBXBuildFile; fileRef = F41F08F42C8E37A5004765A5 /* PhotoViewerViewController.swift */; };
		F41F08F72C8E37B1004765A5 /* VideoPLayerViewController.swift in Sources */ = {isa = PBXBuildFile; fileRef = F41F08F62C8E37B1004765A5 /* VideoPLayerViewController.swift */; };
		F41F08F92C8E37F6004765A5 /* NewConversationViewController.swift in Sources */ = {isa = PBXBuildFile; fileRef = F41F08F82C8E37F6004765A5 /* NewConversationViewController.swift */; };
		F41F08FB2C8E3801004765A5 /* ProfileViewController.swift in Sources */ = {isa = PBXBuildFile; fileRef = F41F08FA2C8E3801004765A5 /* ProfileViewController.swift */; };
		F432045C2C8C15ED0057EC21 /* AppDelegate.swift in Sources */ = {isa = PBXBuildFile; fileRef = F432045B2C8C15ED0057EC21 /* AppDelegate.swift */; };
		F432045E2C8C15ED0057EC21 /* SceneDelegate.swift in Sources */ = {isa = PBXBuildFile; fileRef = F432045D2C8C15ED0057EC21 /* SceneDelegate.swift */; };
		F43204602C8C15ED0057EC21 /* ConversationsViewController.swift in Sources */ = {isa = PBXBuildFile; fileRef = F432045F2C8C15ED0057EC21 /* ConversationsViewController.swift */; };
		F43204632C8C15ED0057EC21 /* Base in Resources */ = {isa = PBXBuildFile; fileRef = F43204622C8C15ED0057EC21 /* Base */; };
		F43204652C8C15EE0057EC21 /* Assets.xcassets in Resources */ = {isa = PBXBuildFile; fileRef = F43204642C8C15EE0057EC21 /* Assets.xcassets */; };
		F43204682C8C15EE0057EC21 /* Base in Resources */ = {isa = PBXBuildFile; fileRef = F43204672C8C15EE0057EC21 /* Base */; };
/* End PBXBuildFile section */

/* Begin PBXFileReference section */
		F41F08F02C8E3771004765A5 /* LoginViewController.swift */ = {isa = PBXFileReference; lastKnownFileType = sourcecode.swift; path = LoginViewController.swift; sourceTree = "<group>"; };
		F41F08F22C8E3781004765A5 /* RegisterViewController.swift */ = {isa = PBXFileReference; lastKnownFileType = sourcecode.swift; path = RegisterViewController.swift; sourceTree = "<group>"; };
		F41F08F42C8E37A5004765A5 /* PhotoViewerViewController.swift */ = {isa = PBXFileReference; lastKnownFileType = sourcecode.swift; path = PhotoViewerViewController.swift; sourceTree = "<group>"; };
		F41F08F62C8E37B1004765A5 /* VideoPLayerViewController.swift */ = {isa = PBXFileReference; lastKnownFileType = sourcecode.swift; path = VideoPLayerViewController.swift; sourceTree = "<group>"; };
		F41F08F82C8E37F6004765A5 /* NewConversationViewController.swift */ = {isa = PBXFileReference; lastKnownFileType = sourcecode.swift; path = NewConversationViewController.swift; sourceTree = "<group>"; };
		F41F08FA2C8E3801004765A5 /* ProfileViewController.swift */ = {isa = PBXFileReference; lastKnownFileType = sourcecode.swift; path = ProfileViewController.swift; sourceTree = "<group>"; };
		F43204582C8C15ED0057EC21 /* ChatV1.app */ = {isa = PBXFileReference; explicitFileType = wrapper.application; includeInIndex = 0; path = ChatV1.app; sourceTree = BUILT_PRODUCTS_DIR; };
		F432045B2C8C15ED0057EC21 /* AppDelegate.swift */ = {isa = PBXFileReference; lastKnownFileType = sourcecode.swift; path = AppDelegate.swift; sourceTree = "<group>"; };
		F432045D2C8C15ED0057EC21 /* SceneDelegate.swift */ = {isa = PBXFileReference; lastKnownFileType = sourcecode.swift; path = SceneDelegate.swift; sourceTree = "<group>"; };
		F432045F2C8C15ED0057EC21 /* ConversationsViewController.swift */ = {isa = PBXFileReference; lastKnownFileType = sourcecode.swift; path = ConversationsViewController.swift; sourceTree = "<group>"; };
		F43204622C8C15ED0057EC21 /* Base */ = {isa = PBXFileReference; lastKnownFileType = file.storyboard; name = Base; path = Base.lproj/Main.storyboard; sourceTree = "<group>"; };
		F43204642C8C15EE0057EC21 /* Assets.xcassets */ = {isa = PBXFileReference; lastKnownFileType = folder.assetcatalog; path = Assets.xcassets; sourceTree = "<group>"; };
		F43204672C8C15EE0057EC21 /* Base */ = {isa = PBXFileReference; lastKnownFileType = file.storyboard; name = Base; path = Base.lproj/LaunchScreen.storyboard; sourceTree = "<group>"; };
		F43204692C8C15EE0057EC21 /* Info.plist */ = {isa = PBXFileReference; lastKnownFileType = text.plist.xml; path = Info.plist; sourceTree = "<group>"; };
/* End PBXFileReference section */

/* Begin PBXFrameworksBuildPhase section */
		F43204552C8C15ED0057EC21 /* Frameworks */ = {
			isa = PBXFrameworksBuildPhase;
			buildActionMask = 2147483647;
			files = (
			);
			runOnlyForDeploymentPostprocessing = 0;
		};
/* End PBXFrameworksBuildPhase section */

/* Begin PBXGroup section */
		F41F08EA2C8CF560004765A5 /* Models */ = {
			isa = PBXGroup;
			children = (
			);
			path = Models;
			sourceTree = "<group>";
		};
		F41F08EB2C8CF56C004765A5 /* Controllers */ = {
			isa = PBXGroup;
			children = (
				F432045F2C8C15ED0057EC21 /* ConversationsViewController.swift */,
				F41F08F02C8E3771004765A5 /* LoginViewController.swift */,
				F41F08F22C8E3781004765A5 /* RegisterViewController.swift */,
				F41F08F42C8E37A5004765A5 /* PhotoViewerViewController.swift */,
				F41F08F62C8E37B1004765A5 /* VideoPLayerViewController.swift */,
				F41F08F82C8E37F6004765A5 /* NewConversationViewController.swift */,
				F41F08FA2C8E3801004765A5 /* ProfileViewController.swift */,
			);
			path = Controllers;
			sourceTree = "<group>";
		};
		F41F08EC2C8CF577004765A5 /* Views */ = {
			isa = PBXGroup;
			children = (
				F41F08EF2C8CF5BA004765A5 /* Storyboards */,
				F43204642C8C15EE0057EC21 /* Assets.xcassets */,
			);
			path = Views;
			sourceTree = "<group>";
		};
		F41F08ED2C8CF581004765A5 /* ViewModels */ = {
			isa = PBXGroup;
			children = (
			);
			path = ViewModels;
			sourceTree = "<group>";
		};
		F41F08EE2C8CF58E004765A5 /* Resources */ = {
			isa = PBXGroup;
			children = (
				F432045B2C8C15ED0057EC21 /* AppDelegate.swift */,
				F432045D2C8C15ED0057EC21 /* SceneDelegate.swift */,
			);
			path = Resources;
			sourceTree = "<group>";
		};
		F41F08EF2C8CF5BA004765A5 /* Storyboards */ = {
			isa = PBXGroup;
			children = (
				F43204612C8C15ED0057EC21 /* Main.storyboard */,
				F43204662C8C15EE0057EC21 /* LaunchScreen.storyboard */,
			);
			path = Storyboards;
			sourceTree = "<group>";
		};
		F432044F2C8C15ED0057EC21 = {
			isa = PBXGroup;
			children = (
				F432045A2C8C15ED0057EC21 /* ChatV1 */,
				F43204592C8C15ED0057EC21 /* Products */,
			);
			sourceTree = "<group>";
		};
		F43204592C8C15ED0057EC21 /* Products */ = {
			isa = PBXGroup;
			children = (
				F43204582C8C15ED0057EC21 /* ChatV1.app */,
			);
			name = Products;
			sourceTree = "<group>";
		};
		F432045A2C8C15ED0057EC21 /* ChatV1 */ = {
			isa = PBXGroup;
			children = (
				F41F08EE2C8CF58E004765A5 /* Resources */,
				F41F08ED2C8CF581004765A5 /* ViewModels */,
				F41F08EC2C8CF577004765A5 /* Views */,
				F41F08EB2C8CF56C004765A5 /* Controllers */,
				F41F08EA2C8CF560004765A5 /* Models */,
				F43204692C8C15EE0057EC21 /* Info.plist */,
			);
			path = ChatV1;
			sourceTree = "<group>";
		};
/* End PBXGroup section */

/* Begin PBXNativeTarget section */
		F43204572C8C15ED0057EC21 /* ChatV1 */ = {
			isa = PBXNativeTarget;
			buildConfigurationList = F432046C2C8C15EE0057EC21 /* Build configuration list for PBXNativeTarget "ChatV1" */;
			buildPhases = (
				F43204542C8C15ED0057EC21 /* Sources */,
				F43204552C8C15ED0057EC21 /* Frameworks */,
				F43204562C8C15ED0057EC21 /* Resources */,
			);
			buildRules = (
			);
			dependencies = (
			);
			name = ChatV1;
			productName = ChatV1;
			productReference = F43204582C8C15ED0057EC21 /* ChatV1.app */;
			productType = "com.apple.product-type.application";
		};
/* End PBXNativeTarget section */

/* Begin PBXProject section */
		F43204502C8C15ED0057EC21 /* Project object */ = {
			isa = PBXProject;
			attributes = {
				BuildIndependentTargetsInParallel = 1;
				LastSwiftUpdateCheck = 1540;
				LastUpgradeCheck = 1540;
				TargetAttributes = {
					F43204572C8C15ED0057EC21 = {
						CreatedOnToolsVersion = 15.4;
					};
				};
			};
			buildConfigurationList = F43204532C8C15ED0057EC21 /* Build configuration list for PBXProject "ChatV1" */;
			compatibilityVersion = "Xcode 14.0";
			developmentRegion = en;
			hasScannedForEncodings = 0;
			knownRegions = (
				en,
				Base,
			);
			mainGroup = F432044F2C8C15ED0057EC21;
			productRefGroup = F43204592C8C15ED0057EC21 /* Products */;
			projectDirPath = "";
			projectRoot = "";
			targets = (
				F43204572C8C15ED0057EC21 /* ChatV1 */,
			);
		};
/* End PBXProject section */

/* Begin PBXResourcesBuildPhase section */
		F43204562C8C15ED0057EC21 /* Resources */ = {
			isa = PBXResourcesBuildPhase;
			buildActionMask = 2147483647;
			files = (
				F43204652C8C15EE0057EC21 /* Assets.xcassets in Resources */,
				F43204682C8C15EE0057EC21 /* Base in Resources */,
				F43204632C8C15ED0057EC21 /* Base in Resources */,
			);
			runOnlyForDeploymentPostprocessing = 0;
		};
/* End PBXResourcesBuildPhase section */

/* Begin PBXSourcesBuildPhase section */
		F43204542C8C15ED0057EC21 /* Sources */ = {
			isa = PBXSourcesBuildPhase;
			buildActionMask = 2147483647;
			files = (
				F41F08F12C8E3771004765A5 /* LoginViewController.swift in Sources */,
				F41F08F32C8E3781004765A5 /* RegisterViewController.swift in Sources */,
				F41F08F92C8E37F6004765A5 /* NewConversationViewController.swift in Sources */,
				F43204602C8C15ED0057EC21 /* ConversationsViewController.swift in Sources */,
				F41F08F72C8E37B1004765A5 /* VideoPLayerViewController.swift in Sources */,
				F432045C2C8C15ED0057EC21 /* AppDelegate.swift in Sources */,
				F41F08FB2C8E3801004765A5 /* ProfileViewController.swift in Sources */,
				F432045E2C8C15ED0057EC21 /* SceneDelegate.swift in Sources */,
				F41F08F52C8E37A5004765A5 /* PhotoViewerViewController.swift in Sources */,
			);
			runOnlyForDeploymentPostprocessing = 0;
		};
/* End PBXSourcesBuildPhase section */

/* Begin PBXVariantGroup section */
		F43204612C8C15ED0057EC21 /* Main.storyboard */ = {
			isa = PBXVariantGroup;
			children = (
				F43204622C8C15ED0057EC21 /* Base */,
			);
			name = Main.storyboard;
			sourceTree = "<group>";
		};
		F43204662C8C15EE0057EC21 /* LaunchScreen.storyboard */ = {
			isa = PBXVariantGroup;
			children = (
				F43204672C8C15EE0057EC21 /* Base */,
			);
			name = LaunchScreen.storyboard;
			sourceTree = "<group>";
		};
/* End PBXVariantGroup section */

/* Begin XCBuildConfiguration section */
		F432046A2C8C15EE0057EC21 /* Debug */ = {
			isa = XCBuildConfiguration;
			buildSettings = {
				ALWAYS_SEARCH_USER_PATHS = NO;
				ASSETCATALOG_COMPILER_GENERATE_SWIFT_ASSET_SYMBOL_EXTENSIONS = YES;
				CLANG_ANALYZER_NONNULL = YES;
				CLANG_ANALYZER_NUMBER_OBJECT_CONVERSION = YES_AGGRESSIVE;
				CLANG_CXX_LANGUAGE_STANDARD = "gnu++20";
				CLANG_ENABLE_MODULES = YES;
				CLANG_ENABLE_OBJC_ARC = YES;
				CLANG_ENABLE_OBJC_WEAK = YES;
				CLANG_WARN_BLOCK_CAPTURE_AUTORELEASING = YES;
				CLANG_WARN_BOOL_CONVERSION = YES;
				CLANG_WARN_COMMA = YES;
				CLANG_WARN_CONSTANT_CONVERSION = YES;
				CLANG_WARN_DEPRECATED_OBJC_IMPLEMENTATIONS = YES;
				CLANG_WARN_DIRECT_OBJC_ISA_USAGE = YES_ERROR;
				CLANG_WARN_DOCUMENTATION_COMMENTS = YES;
				CLANG_WARN_EMPTY_BODY = YES;
				CLANG_WARN_ENUM_CONVERSION = YES;
				CLANG_WARN_INFINITE_RECURSION = YES;
				CLANG_WARN_INT_CONVERSION = YES;
				CLANG_WARN_NON_LITERAL_NULL_CONVERSION = YES;
				CLANG_WARN_OBJC_IMPLICIT_RETAIN_SELF = YES;
				CLANG_WARN_OBJC_LITERAL_CONVERSION = YES;
				CLANG_WARN_OBJC_ROOT_CLASS = YES_ERROR;
				CLANG_WARN_QUOTED_INCLUDE_IN_FRAMEWORK_HEADER = YES;
				CLANG_WARN_RANGE_LOOP_ANALYSIS = YES;
				CLANG_WARN_STRICT_PROTOTYPES = YES;
				CLANG_WARN_SUSPICIOUS_MOVE = YES;
				CLANG_WARN_UNGUARDED_AVAILABILITY = YES_AGGRESSIVE;
				CLANG_WARN_UNREACHABLE_CODE = YES;
				CLANG_WARN__DUPLICATE_METHOD_MATCH = YES;
				COPY_PHASE_STRIP = NO;
				DEBUG_INFORMATION_FORMAT = dwarf;
				ENABLE_STRICT_OBJC_MSGSEND = YES;
				ENABLE_TESTABILITY = YES;
				ENABLE_USER_SCRIPT_SANDBOXING = YES;
				GCC_C_LANGUAGE_STANDARD = gnu17;
				GCC_DYNAMIC_NO_PIC = NO;
				GCC_NO_COMMON_BLOCKS = YES;
				GCC_OPTIMIZATION_LEVEL = 0;
				GCC_PREPROCESSOR_DEFINITIONS = (
					"DEBUG=1",
					"$(inherited)",
				);
				GCC_WARN_64_TO_32_BIT_CONVERSION = YES;
				GCC_WARN_ABOUT_RETURN_TYPE = YES_ERROR;
				GCC_WARN_UNDECLARED_SELECTOR = YES;
				GCC_WARN_UNINITIALIZED_AUTOS = YES_AGGRESSIVE;
				GCC_WARN_UNUSED_FUNCTION = YES;
				GCC_WARN_UNUSED_VARIABLE = YES;
				IPHONEOS_DEPLOYMENT_TARGET = 16.0;
				LOCALIZATION_PREFERS_STRING_CATALOGS = YES;
				MTL_ENABLE_DEBUG_INFO = INCLUDE_SOURCE;
				MTL_FAST_MATH = YES;
				ONLY_ACTIVE_ARCH = YES;
				SDKROOT = iphoneos;
				SWIFT_ACTIVE_COMPILATION_CONDITIONS = "DEBUG $(inherited)";
				SWIFT_OPTIMIZATION_LEVEL = "-Onone";
			};
			name = Debug;
		};
		F432046B2C8C15EE0057EC21 /* Release */ = {
			isa = XCBuildConfiguration;
			buildSettings = {
				ALWAYS_SEARCH_USER_PATHS = NO;
				ASSETCATALOG_COMPILER_GENERATE_SWIFT_ASSET_SYMBOL_EXTENSIONS = YES;
				CLANG_ANALYZER_NONNULL = YES;
				CLANG_ANALYZER_NUMBER_OBJECT_CONVERSION = YES_AGGRESSIVE;
				CLANG_CXX_LANGUAGE_STANDARD = "gnu++20";
				CLANG_ENABLE_MODULES = YES;
				CLANG_ENABLE_OBJC_ARC = YES;
				CLANG_ENABLE_OBJC_WEAK = YES;
				CLANG_WARN_BLOCK_CAPTURE_AUTORELEASING = YES;
				CLANG_WARN_BOOL_CONVERSION = YES;
				CLANG_WARN_COMMA = YES;
				CLANG_WARN_CONSTANT_CONVERSION = YES;
				CLANG_WARN_DEPRECATED_OBJC_IMPLEMENTATIONS = YES;
				CLANG_WARN_DIRECT_OBJC_ISA_USAGE = YES_ERROR;
				CLANG_WARN_DOCUMENTATION_COMMENTS = YES;
				CLANG_WARN_EMPTY_BODY = YES;
				CLANG_WARN_ENUM_CONVERSION = YES;
				CLANG_WARN_INFINITE_RECURSION = YES;
				CLANG_WARN_INT_CONVERSION = YES;
				CLANG_WARN_NON_LITERAL_NULL_CONVERSION = YES;
				CLANG_WARN_OBJC_IMPLICIT_RETAIN_SELF = YES;
				CLANG_WARN_OBJC_LITERAL_CONVERSION = YES;
				CLANG_WARN_OBJC_ROOT_CLASS = YES_ERROR;
				CLANG_WARN_QUOTED_INCLUDE_IN_FRAMEWORK_HEADER = YES;
				CLANG_WARN_RANGE_LOOP_ANALYSIS = YES;
				CLANG_WARN_STRICT_PROTOTYPES = YES;
				CLANG_WARN_SUSPICIOUS_MOVE = YES;
				CLANG_WARN_UNGUARDED_AVAILABILITY = YES_AGGRESSIVE;
				CLANG_WARN_UNREACHABLE_CODE = YES;
				CLANG_WARN__DUPLICATE_METHOD_MATCH = YES;
				COPY_PHASE_STRIP = NO;
				DEBUG_INFORMATION_FORMAT = "dwarf-with-dsym";
				ENABLE_NS_ASSERTIONS = NO;
				ENABLE_STRICT_OBJC_MSGSEND = YES;
				ENABLE_USER_SCRIPT_SANDBOXING = YES;
				GCC_C_LANGUAGE_STANDARD = gnu17;
				GCC_NO_COMMON_BLOCKS = YES;
				GCC_WARN_64_TO_32_BIT_CONVERSION = YES;
				GCC_WARN_ABOUT_RETURN_TYPE = YES_ERROR;
				GCC_WARN_UNDECLARED_SELECTOR = YES;
				GCC_WARN_UNINITIALIZED_AUTOS = YES_AGGRESSIVE;
				GCC_WARN_UNUSED_FUNCTION = YES;
				GCC_WARN_UNUSED_VARIABLE = YES;
				IPHONEOS_DEPLOYMENT_TARGET = 16.0;
				LOCALIZATION_PREFERS_STRING_CATALOGS = YES;
				MTL_ENABLE_DEBUG_INFO = NO;
				MTL_FAST_MATH = YES;
				SDKROOT = iphoneos;
				SWIFT_COMPILATION_MODE = wholemodule;
				VALIDATE_PRODUCT = YES;
			};
			name = Release;
		};
		F432046D2C8C15EE0057EC21 /* Debug */ = {
			isa = XCBuildConfiguration;
			buildSettings = {
				ASSETCATALOG_COMPILER_APPICON_NAME = AppIcon;
				ASSETCATALOG_COMPILER_GLOBAL_ACCENT_COLOR_NAME = AccentColor;
				CODE_SIGN_STYLE = Automatic;
				CURRENT_PROJECT_VERSION = 1;
				DEVELOPMENT_TEAM = 5GWQWWY8TR;
				GENERATE_INFOPLIST_FILE = YES;
				INFOPLIST_FILE = ChatV1/Info.plist;
				INFOPLIST_KEY_UIApplicationSupportsIndirectInputEvents = YES;
				INFOPLIST_KEY_UILaunchStoryboardName = LaunchScreen;
				INFOPLIST_KEY_UIMainStoryboardFile = Main;
				INFOPLIST_KEY_UISupportedInterfaceOrientations = UIInterfaceOrientationPortrait;
				IPHONEOS_DEPLOYMENT_TARGET = 15.0;
				LD_RUNPATH_SEARCH_PATHS = (
					"$(inherited)",
					"@executable_path/Frameworks",
				);
				MARKETING_VERSION = 1.0;
				PRODUCT_BUNDLE_IDENTIFIER = test.ChatV1;
				PRODUCT_NAME = "$(TARGET_NAME)";
				SWIFT_EMIT_LOC_STRINGS = YES;
				SWIFT_VERSION = 5.0;
				TARGETED_DEVICE_FAMILY = "1,2";
			};
			name = Debug;
		};
		F432046E2C8C15EE0057EC21 /* Release */ = {
			isa = XCBuildConfiguration;
			buildSettings = {
				ASSETCATALOG_COMPILER_APPICON_NAME = AppIcon;
				ASSETCATALOG_COMPILER_GLOBAL_ACCENT_COLOR_NAME = AccentColor;
				CODE_SIGN_STYLE = Automatic;
				CURRENT_PROJECT_VERSION = 1;
				DEVELOPMENT_TEAM = 5GWQWWY8TR;
				GENERATE_INFOPLIST_FILE = YES;
				INFOPLIST_FILE = ChatV1/Info.plist;
				INFOPLIST_KEY_UIApplicationSupportsIndirectInputEvents = YES;
				INFOPLIST_KEY_UILaunchStoryboardName = LaunchScreen;
				INFOPLIST_KEY_UIMainStoryboardFile = Main;
				INFOPLIST_KEY_UISupportedInterfaceOrientations = UIInterfaceOrientationPortrait;
				IPHONEOS_DEPLOYMENT_TARGET = 15.0;
				LD_RUNPATH_SEARCH_PATHS = (
					"$(inherited)",
					"@executable_path/Frameworks",
				);
				MARKETING_VERSION = 1.0;
				PRODUCT_BUNDLE_IDENTIFIER = test.ChatV1;
				PRODUCT_NAME = "$(TARGET_NAME)";
				SWIFT_EMIT_LOC_STRINGS = YES;
				SWIFT_VERSION = 5.0;
				TARGETED_DEVICE_FAMILY = "1,2";
			};
			name = Release;
		};
/* End XCBuildConfiguration section */

/* Begin XCConfigurationList section */
		F43204532C8C15ED0057EC21 /* Build configuration list for PBXProject "ChatV1" */ = {
			isa = XCConfigurationList;
			buildConfigurations = (
				F432046A2C8C15EE0057EC21 /* Debug */,
				F432046B2C8C15EE0057EC21 /* Release */,
			);
			defaultConfigurationIsVisible = 0;
			defaultConfigurationName = Release;
		};
		F432046C2C8C15EE0057EC21 /* Build configuration list for PBXNativeTarget "ChatV1" */ = {
			isa = XCConfigurationList;
			buildConfigurations = (
				F432046D2C8C15EE0057EC21 /* Debug */,
				F432046E2C8C15EE0057EC21 /* Release */,
			);
			defaultConfigurationIsVisible = 0;
			defaultConfigurationName = Release;
		};
/* End XCConfigurationList section */
	};
	rootObject = F43204502C8C15ED0057EC21 /* Project object */;
}
